{"1.2.0",
[{<<"epgsql">>,{pkg,<<"epgsql">>,<<"4.8.0">>},0},
 {<<"pooler">>,{pkg,<<"pooler">>,<<"1.6.0">>},0},
 {<<"quic">>,{pkg,<<"quic">>,<<"1.4.3">>},1},
 {<<"roadrunner">>,{pkg,<<"roadrunner">>,<<"0.2.3">>},0},
 {<<"telemetry">>,{pkg,<<"telemetry">>,<<"1.4.2">>},1}]}.
[
{pkg_hash,[
 {<<"epgsql">>, <<"C491B141B8C37BCE7B67F2079F168F339BB374A7CF9A286CB3B40AD1CD3FABE5">>},
 {<<"pooler">>, <<"F4F33C94AB3AB82565A2E31CEA9EFE4149A160651F3707A0A2669BC54AAF81C8">>},
 {<<"quic">>, <<"CCA828DB522AC67B638081D93562B463E84286C22655C3409C5746C302E177E5">>},
 {<<"roadrunner">>, <<"2E8C89078229C8C1C6CE6C61535AA25796B19B8F6BC0F231822D90429F2F39FB">>},
 {<<"telemetry">>, <<"A0CB522801DFFB1C49FE6E30561BADFFC7B6D0E180DB1300DF759FAA22062855">>}]},
{pkg_hash_ext,[
 {<<"epgsql">>, <<"00E550006A62FB439FC7E879419443C889C34605E9B9DC406029D8BAA1AD79D8">>},
 {<<"pooler">>, <<"748C988FD2928DE9577C882A49621863CAB57809E3E1A88A14C9D3B55C6AB877">>},
 {<<"quic">>, <<"A12FFEDC8AD8A41D303083C306DEA76141FAB3A54DF8DC0C5E5691FA40E8E619">>},
 {<<"roadrunner">>, <<"0D92EB77420775D3CCBD5E8691FA72D1B0A7A88C114DAC84E37D57D31BFE74F9">>},
 {<<"telemetry">>, <<"928F6495066506077862C0D1646609EED891A4326BEE3126BA54B60AF61FEBB1">>}]}
].
